
Microsoft Visual Studio Solution File, Format Version 12.00
# Visual Studio 15
VisualStudioVersion = 15.0.27428.2043
MinimumVisualStudioVersion = 10.0.40219.1
Project("{FAE04EC0-301F-11D3-BF4B-00C04F79EFBC}") = "Hedra", "Hedra\Hedra.csproj", "{301A6B68-CF39-4E86-A50A-479B96A5A298}"
EndProject
Project("{FAE04EC0-301F-11D3-BF4B-00C04F79EFBC}") = "Server", "Server\Server.csproj", "{9FB2A67A-BD65-4F38-BD81-9D41AB95876F}"
EndProject
Project("{FAE04EC0-301F-11D3-BF4B-00C04F79EFBC}") = "AssetBuilder", "AssetBuilder\AssetBuilder.csproj", "{808D426E-63DF-4145-8957-9452B182D0A7}"
EndProject
Project("{FAE04EC0-301F-11D3-BF4B-00C04F79EFBC}") = "HedraTests", "HedraTests\HedraTests.csproj", "{4DF696F0-B21C-4CDB-B8A6-F351E4AE7DD6}"
EndProject
Project("{FAE04EC0-301F-11D3-BF4B-00C04F79EFBC}") = "Framework", "Framework\Framework.csproj", "{12915777-140A-421A-A0C2-EB9BB112962F}"
EndProject
Global
	GlobalSection(SolutionConfigurationPlatforms) = preSolution
		Debug|Any CPU = Debug|Any CPU
		Release|Any CPU = Release|Any CPU
	EndGlobalSection
	GlobalSection(ProjectConfigurationPlatforms) = postSolution
		{301A6B68-CF39-4E86-A50A-479B96A5A298}.Debug|Any CPU.ActiveCfg = Debug|Any CPU
		{301A6B68-CF39-4E86-A50A-479B96A5A298}.Debug|Any CPU.Build.0 = Debug|Any CPU
		{301A6B68-CF39-4E86-A50A-479B96A5A298}.Release|Any CPU.ActiveCfg = Release|Any CPU
		{301A6B68-CF39-4E86-A50A-479B96A5A298}.Release|Any CPU.Build.0 = Release|Any CPU
		{9FB2A67A-BD65-4F38-BD81-9D41AB95876F}.Debug|Any CPU.ActiveCfg = Debug|Any CPU
		{9FB2A67A-BD65-4F38-BD81-9D41AB95876F}.Debug|Any CPU.Build.0 = Debug|Any CPU
		{9FB2A67A-BD65-4F38-BD81-9D41AB95876F}.Release|Any CPU.ActiveCfg = Release|Any CPU
		{9FB2A67A-BD65-4F38-BD81-9D41AB95876F}.Release|Any CPU.Build.0 = Release|Any CPU
		{808D426E-63DF-4145-8957-9452B182D0A7}.Debug|Any CPU.ActiveCfg = Debug|Any CPU
		{808D426E-63DF-4145-8957-9452B182D0A7}.Debug|Any CPU.Build.0 = Debug|Any CPU
		{808D426E-63DF-4145-8957-9452B182D0A7}.Release|Any CPU.ActiveCfg = Release|Any CPU
		{808D426E-63DF-4145-8957-9452B182D0A7}.Release|Any CPU.Build.0 = Release|Any CPU
		{4DF696F0-B21C-4CDB-B8A6-F351E4AE7DD6}.Debug|Any CPU.ActiveCfg = Debug|Any CPU
		{4DF696F0-B21C-4CDB-B8A6-F351E4AE7DD6}.Debug|Any CPU.Build.0 = Debug|Any CPU
		{4DF696F0-B21C-4CDB-B8A6-F351E4AE7DD6}.Release|Any CPU.ActiveCfg = Release|Any CPU
		{4DF696F0-B21C-4CDB-B8A6-F351E4AE7DD6}.Release|Any CPU.Build.0 = Release|Any CPU
		{12915777-140A-421A-A0C2-EB9BB112962F}.Debug|Any CPU.ActiveCfg = Debug|Any CPU
		{12915777-140A-421A-A0C2-EB9BB112962F}.Debug|Any CPU.Build.0 = Debug|Any CPU
		{12915777-140A-421A-A0C2-EB9BB112962F}.Release|Any CPU.ActiveCfg = Release|Any CPU
		{12915777-140A-421A-A0C2-EB9BB112962F}.Release|Any CPU.Build.0 = Release|Any CPU
	EndGlobalSection
	GlobalSection(SolutionProperties) = preSolution
		HideSolutionNode = FALSE
	EndGlobalSection
	GlobalSection(ExtensibilityGlobals) = postSolution
		SolutionGuid = {1CF49F14-DD22-41BD-8528-ABE8778B649B}
	EndGlobalSection
	GlobalSection(MonoDevelopProperties) = preSolution
		StartupItem = OpenGL\OpenRenderer.csproj
	EndGlobalSection
EndGlobal
